
Microsoft Visual Studio Solution File, Format Version 12.00
Project("{FAE04EC0-301F-11D3-BF4B-00C04F79EFBC}") = "src\Scarender", "src\Scarender\Scarender.csproj", "{F5314A96-6570-47DB-A42B-61C17EBC253E}"
EndProject
Project("{2150E333-8FDC-42A3-9474-1A3956D46DE8}") = "Silkira", "Silkira", "{542C344A-DB50-4FF4-BF2B-62220D384705}"
EndProject
Project("{FAE04EC0-301F-11D3-BF4B-00C04F79EFBC}") = "Silkira.Abstractions", "submodules\Silkira\src\Silkira.Abstractions\Silkira.Abstractions.csproj", "{21DA4ED5-B584-4679-857B-9B2CE7819A4A}"
EndProject
Project("{FAE04EC0-301F-11D3-BF4B-00C04F79EFBC}") = "Silkira.Core", "submodules\Silkira\src\Silkira.Core\Silkira.Core.csproj", "{26E9AAD5-3444-4E18-BBEE-249F874C5CC3}"
EndProject
Global
	GlobalSection(SolutionConfigurationPlatforms) = preSolution
		Debug|Any CPU = Debug|Any CPU
		Release|Any CPU = Release|Any CPU
	EndGlobalSection
	GlobalSection(ProjectConfigurationPlatforms) = postSolution
		{F5314A96-6570-47DB-A42B-61C17EBC253E}.Debug|Any CPU.ActiveCfg = Debug|Any CPU
		{F5314A96-6570-47DB-A42B-61C17EBC253E}.Debug|Any CPU.Build.0 = Debug|Any CPU
		{F5314A96-6570-47DB-A42B-61C17EBC253E}.Release|Any CPU.ActiveCfg = Release|Any CPU
		{F5314A96-6570-47DB-A42B-61C17EBC253E}.Release|Any CPU.Build.0 = Release|Any CPU
		{21DA4ED5-B584-4679-857B-9B2CE7819A4A}.Debug|Any CPU.ActiveCfg = Debug|Any CPU
		{21DA4ED5-B584-4679-857B-9B2CE7819A4A}.Debug|Any CPU.Build.0 = Debug|Any CPU
		{21DA4ED5-B584-4679-857B-9B2CE7819A4A}.Release|Any CPU.ActiveCfg = Release|Any CPU
		{21DA4ED5-B584-4679-857B-9B2CE7819A4A}.Release|Any CPU.Build.0 = Release|Any CPU
		{26E9AAD5-3444-4E18-BBEE-249F874C5CC3}.Debug|Any CPU.ActiveCfg = Debug|Any CPU
		{26E9AAD5-3444-4E18-BBEE-249F874C5CC3}.Debug|Any CPU.Build.0 = Debug|Any CPU
		{26E9AAD5-3444-4E18-BBEE-249F874C5CC3}.Release|Any CPU.ActiveCfg = Release|Any CPU
		{26E9AAD5-3444-4E18-BBEE-249F874C5CC3}.Release|Any CPU.Build.0 = Release|Any CPU
	EndGlobalSection
	GlobalSection(NestedProjects) = preSolution
		{21DA4ED5-B584-4679-857B-9B2CE7819A4A} = {542C344A-DB50-4FF4-BF2B-62220D384705}
		{26E9AAD5-3444-4E18-BBEE-249F874C5CC3} = {542C344A-DB50-4FF4-BF2B-62220D384705}
	EndGlobalSection
EndGlobal
